
Microsoft Visual Studio Solution File, Format Version 12.00
# Visual Studio Version 17
VisualStudioVersion = 17.5.33516.290
MinimumVisualStudioVersion = 10.0.40219.1
Project("{FAE04EC0-301F-11D3-BF4B-00C04F79EFBC}") = "Mandiri_API", "Mandiri_API\Mandiri_API.csproj", "{F6189398-FB74-4A83-85B2-930AC2D543D4}"
EndProject
Project("{FAE04EC0-301F-11D3-BF4B-00C04F79EFBC}") = "Mandiri_Web", "Mandiri_Web\Mandiri_Web.csproj", "{65D7C4AA-BC44-4F13-AE02-1EAFE8951BFF}"
EndProject
Global
	GlobalSection(SolutionConfigurationPlatforms) = preSolution
		Debug|Any CPU = Debug|Any CPU
		Release|Any CPU = Release|Any CPU
	EndGlobalSection
	GlobalSection(ProjectConfigurationPlatforms) = postSolution
		{F6189398-FB74-4A83-85B2-930AC2D543D4}.Debug|Any CPU.ActiveCfg = Debug|Any CPU
		{F6189398-FB74-4A83-85B2-930AC2D543D4}.Debug|Any CPU.Build.0 = Debug|Any CPU
		{F6189398-FB74-4A83-85B2-930AC2D543D4}.Release|Any CPU.ActiveCfg = Release|Any CPU
		{F6189398-FB74-4A83-85B2-930AC2D543D4}.Release|Any CPU.Build.0 = Release|Any CPU
		{65D7C4AA-BC44-4F13-AE02-1EAFE8951BFF}.Debug|Any CPU.ActiveCfg = Debug|Any CPU
		{65D7C4AA-BC44-4F13-AE02-1EAFE8951BFF}.Debug|Any CPU.Build.0 = Debug|Any CPU
		{65D7C4AA-BC44-4F13-AE02-1EAFE8951BFF}.Release|Any CPU.ActiveCfg = Release|Any CPU
		{65D7C4AA-BC44-4F13-AE02-1EAFE8951BFF}.Release|Any CPU.Build.0 = Release|Any CPU
	EndGlobalSection
	GlobalSection(SolutionProperties) = preSolution
		HideSolutionNode = FALSE
	EndGlobalSection
	GlobalSection(ExtensibilityGlobals) = postSolution
		SolutionGuid = {DE516CAE-2F4F-44C6-B5F1-8CD3F20A2ADE}
	EndGlobalSection
EndGlobal
